
Microsoft Visual Studio Solution File, Format Version 12.00
# Visual Studio Version 17
VisualStudioVersion = 17.9.34622.214
MinimumVisualStudioVersion = 10.0.40219.1
Project("{FAE04EC0-301F-11D3-BF4B-00C04F79EFBC}") = "Things4Trip", "Things4Trip.csproj", "{4F0939D5-C785-419F-9B4D-D0F4E6D845EA}"
EndProject
Global
	GlobalSection(SolutionConfigurationPlatforms) = preSolution
		Debug|Any CPU = Debug|Any CPU
		Release|Any CPU = Release|Any CPU
	EndGlobalSection
	GlobalSection(ProjectConfigurationPlatforms) = postSolution
		{4F0939D5-C785-419F-9B4D-D0F4E6D845EA}.Debug|Any CPU.ActiveCfg = Debug|Any CPU
		{4F0939D5-C785-419F-9B4D-D0F4E6D845EA}.Debug|Any CPU.Build.0 = Debug|Any CPU
		{4F0939D5-C785-419F-9B4D-D0F4E6D845EA}.Release|Any CPU.ActiveCfg = Release|Any CPU
		{4F0939D5-C785-419F-9B4D-D0F4E6D845EA}.Release|Any CPU.Build.0 = Release|Any CPU
	EndGlobalSection
	GlobalSection(SolutionProperties) = preSolution
		HideSolutionNode = FALSE
	EndGlobalSection
	GlobalSection(ExtensibilityGlobals) = postSolution
		SolutionGuid = {AB72F922-7DFC-4C56-9E34-7DD94890FA0C}
	EndGlobalSection
EndGlobal
